github.com/0magnet/asciigraph v0.0.0-20260823172017-29b8c911efe6 h1:Z3AacnltYYybxmtfO6ZVOJ5xwMd0qRmo4oVIcBKGqIA=
github.com/0magnet/asciigraph v0.0.0-20260823172017-29b8c911efe6/go.mod h1:ysrIrx3cFUcnv9uisqO2oPho3/OnqMoiGY5coRoIKtw=
github.com/0magnet/xterm-go v0.0.0-20260908011048-6bbc23473554 h1:y8d7qkjDGex2mY5H1IOlQqMZWyK6ZvaFve5CPrO9EaE=
github.com/0magnet/xterm-go v0.0.0-20260908011048-6bbc23473554/go.mod h1:W6c6ofSTsxXuQEr1rSZ3qmfOj5a3LGB3uLQBL0/TiKc=
