github.com/0magnet/asciigraph v0.0.0-20260823172017-29b8c911efe6 h1:Z3AacnltYYybxmtfO6ZVOJ5xwMd0qRmo4oVIcBKGqIA=
github.com/0magnet/asciigraph v0.0.0-20260823172017-29b8c911efe6/go.mod h1:ysrIrx3cFUcnv9uisqO2oPho3/OnqMoiGY5coRoIKtw=
github.com/0magnet/xterm-go v0.0.0-20260904164423-3896621e5b7c h1:9eQ7v8AukfJikwWdGvwUwAO8EJZmRubAyp6OPoKMV1E=
github.com/0magnet/xterm-go v0.0.0-20260904164423-3896621e5b7c/go.mod h1:W6c6ofSTsxXuQEr1rSZ3qmfOj5a3LGB3uLQBL0/TiKc=
